{
  "version": 1,
  "dependencies": {
    "net6.0": {
      "System.CommandLine": {
        "type": "Direct",
        "requested": "[2.0.0-beta2.21617.1, )",
        "resolved": "2.0.0-beta2.21617.1",
        "contentHash": "ZZqhoSu8ibW8zwAehKSQ1B3UMwZx6Dmt6oBbEMA8YD5EpyOm2ab7xQfzbN21Xi85KGJQkgeEf5wbsGHYE93cYQ==",
        "dependencies": {
          "system.memory": "4.5.4"
        }
      },
      "System.CommandLine.NamingConventionBinder": {
        "type": "Direct",
        "requested": "[2.0.0-beta2.21617.1, )",
        "resolved": "2.0.0-beta2.21617.1",
        "contentHash": "5cBvkPhW3W8h06539Z0aAxgjfVDim4RNk8ru2vySC5tQU35iYw2dHsJ7UsQemiQLAKbUaESC/9d3JoBk1pOV1A==",
        "dependencies": {
          "System.CommandLine": "2.0.0-beta2.21617.1"
        }
      },
      "YamlDotNet": {
        "type": "Direct",
        "requested": "[11.2.1, )",
        "resolved": "11.2.1",
        "contentHash": "tBt8K+korVfrjH9wyDEhiLKxbs8qoLCLIFwvYgkSUuMC9//w3z0cFQ8LQAI/5MCKq+BMil0cfRTRvPeE7eXhQw=="
      },
      "System.Memory": {
        "type": "Transitive",
        "resolved": "4.5.4",
        "contentHash": "1MbJTHS1lZ4bS4FmsJjnuGJOu88ZzTT2rLvrhW7Ygic+pC0NWA+3hgAen0HRdsocuQXCkUTdFn9yHJJhsijDXw=="
      }
    },
    "net6.0/linux-arm64": {},
    "net6.0/linux-musl-x64": {},
    "net6.0/linux-x64": {},
    "net6.0/osx-x64": {}
  }
}